
Microsoft Visual Studio Solution File, Format Version 12.00
# Visual Studio Version 17
VisualStudioVersion = 17.11.35222.181
MinimumVisualStudioVersion = 10.0.40219.1
Project("{FAE04EC0-301F-11D3-BF4B-00C04F79EFBC}") = "Executor", "Executor\Executor.csproj", "{DE05C521-C743-4061-B253-3B9F610FBD22}"
EndProject
Global
	GlobalSection(SolutionConfigurationPlatforms) = preSolution
		Debug|Any CPU = Debug|Any CPU
		Release|Any CPU = Release|Any CPU
	EndGlobalSection
	GlobalSection(ProjectConfigurationPlatforms) = postSolution
		{DE05C521-C743-4061-B253-3B9F610FBD22}.Debug|Any CPU.ActiveCfg = Debug|Any CPU
		{DE05C521-C743-4061-B253-3B9F610FBD22}.Debug|Any CPU.Build.0 = Debug|Any CPU
		{DE05C521-C743-4061-B253-3B9F610FBD22}.Release|Any CPU.ActiveCfg = Release|Any CPU
		{DE05C521-C743-4061-B253-3B9F610FBD22}.Release|Any CPU.Build.0 = Release|Any CPU
	EndGlobalSection
	GlobalSection(SolutionProperties) = preSolution
		HideSolutionNode = FALSE
	EndGlobalSection
	GlobalSection(ExtensibilityGlobals) = postSolution
		SolutionGuid = {04B0F4BD-5CCC-405A-AF40-AF47432B4666}
	EndGlobalSection
EndGlobal
